
Microsoft Visual Studio Solution File, Format Version 12.00
# Visual Studio Version 16
VisualStudioVersion = 16.0.30204.135
MinimumVisualStudioVersion = 10.0.40219.1
Project("{9A19103F-16F7-4668-BE54-9A1E7A4F7556}") = "StockSystem.Libarary", "Stock.Libarary\StockSystem.Libarary.csproj", "{82EE453C-FF7E-49FC-AEC7-5F68EB0ABA6C}"
EndProject
Project("{9A19103F-16F7-4668-BE54-9A1E7A4F7556}") = "StockUI.WPFCore", "StockUI.WPFCore\StockUI.WPFCore.csproj", "{02479F44-82E6-459B-8118-703B62E10FC2}"
EndProject
Global
	GlobalSection(SolutionConfigurationPlatforms) = preSolution
		Debug|Any CPU = Debug|Any CPU
		Release|Any CPU = Release|Any CPU
	EndGlobalSection
	GlobalSection(ProjectConfigurationPlatforms) = postSolution
		{82EE453C-FF7E-49FC-AEC7-5F68EB0ABA6C}.Debug|Any CPU.ActiveCfg = Debug|Any CPU
		{82EE453C-FF7E-49FC-AEC7-5F68EB0ABA6C}.Debug|Any CPU.Build.0 = Debug|Any CPU
		{82EE453C-FF7E-49FC-AEC7-5F68EB0ABA6C}.Release|Any CPU.ActiveCfg = Release|Any CPU
		{82EE453C-FF7E-49FC-AEC7-5F68EB0ABA6C}.Release|Any CPU.Build.0 = Release|Any CPU
		{02479F44-82E6-459B-8118-703B62E10FC2}.Debug|Any CPU.ActiveCfg = Debug|Any CPU
		{02479F44-82E6-459B-8118-703B62E10FC2}.Debug|Any CPU.Build.0 = Debug|Any CPU
		{02479F44-82E6-459B-8118-703B62E10FC2}.Release|Any CPU.ActiveCfg = Release|Any CPU
		{02479F44-82E6-459B-8118-703B62E10FC2}.Release|Any CPU.Build.0 = Release|Any CPU
	EndGlobalSection
	GlobalSection(SolutionProperties) = preSolution
		HideSolutionNode = FALSE
	EndGlobalSection
	GlobalSection(ExtensibilityGlobals) = postSolution
		SolutionGuid = {97C142FA-8B97-46E1-8796-505BAD7D9891}
	EndGlobalSection
EndGlobal
