
Microsoft Visual Studio Solution File, Format Version 12.00
# Visual Studio Version 16
VisualStudioVersion = 16.0.30204.135
MinimumVisualStudioVersion = 10.0.40219.1
Project("{9A19103F-16F7-4668-BE54-9A1E7A4F7556}") = "StockSystem.Libarary", "Stock.Libarary\StockSystem.Libarary.csproj", "{82EE453C-FF7E-49FC-AEC7-5F68EB0ABA6C}"
EndProject
Project("{9A19103F-16F7-4668-BE54-9A1E7A4F7556}") = "StockUI.WPFCore", "StockUI.WPFCore\StockUI.WPFCore.csproj", "{02479F44-82E6-459B-8118-703B62E10FC2}"
EndProject
Project("{FAE04EC0-301F-11D3-BF4B-00C04F79EFBC}") = "StockUI.WinForm", "StockUI.WinForm\StockUI.WinForm.csproj", "{4F51656D-F370-4618-8B79-4AF518722341}"
EndProject
Project("{FAE04EC0-301F-11D3-BF4B-00C04F79EFBC}") = "StockUI.Libarary", "StockUI.Libarary\StockUI.Libarary.csproj", "{F75D0148-BBF2-4476-A3C1-6A7646FEE833}"
EndProject
Project("{2150E333-8FDC-42A3-9474-1A3956D46DE8}") = "Data Access", "Data Access", "{92C1EA10-87D5-43ED-90E7-DC43503F7A9F}"
EndProject
Project("{2150E333-8FDC-42A3-9474-1A3956D46DE8}") = "UI", "UI", "{9D0B9EFD-CF47-4C32-A3F2-FF25004CBA3C}"
EndProject
Global
	GlobalSection(SolutionConfigurationPlatforms) = preSolution
		Debug|Any CPU = Debug|Any CPU
		Release|Any CPU = Release|Any CPU
	EndGlobalSection
	GlobalSection(ProjectConfigurationPlatforms) = postSolution
		{82EE453C-FF7E-49FC-AEC7-5F68EB0ABA6C}.Debug|Any CPU.ActiveCfg = Debug|Any CPU
		{82EE453C-FF7E-49FC-AEC7-5F68EB0ABA6C}.Debug|Any CPU.Build.0 = Debug|Any CPU
		{82EE453C-FF7E-49FC-AEC7-5F68EB0ABA6C}.Release|Any CPU.ActiveCfg = Release|Any CPU
		{82EE453C-FF7E-49FC-AEC7-5F68EB0ABA6C}.Release|Any CPU.Build.0 = Release|Any CPU
		{02479F44-82E6-459B-8118-703B62E10FC2}.Debug|Any CPU.ActiveCfg = Debug|Any CPU
		{02479F44-82E6-459B-8118-703B62E10FC2}.Debug|Any CPU.Build.0 = Debug|Any CPU
		{02479F44-82E6-459B-8118-703B62E10FC2}.Release|Any CPU.ActiveCfg = Release|Any CPU
		{02479F44-82E6-459B-8118-703B62E10FC2}.Release|Any CPU.Build.0 = Release|Any CPU
		{4F51656D-F370-4618-8B79-4AF518722341}.Debug|Any CPU.ActiveCfg = Debug|Any CPU
		{4F51656D-F370-4618-8B79-4AF518722341}.Debug|Any CPU.Build.0 = Debug|Any CPU
		{4F51656D-F370-4618-8B79-4AF518722341}.Release|Any CPU.ActiveCfg = Release|Any CPU
		{4F51656D-F370-4618-8B79-4AF518722341}.Release|Any CPU.Build.0 = Release|Any CPU
		{F75D0148-BBF2-4476-A3C1-6A7646FEE833}.Debug|Any CPU.ActiveCfg = Debug|Any CPU
		{F75D0148-BBF2-4476-A3C1-6A7646FEE833}.Debug|Any CPU.Build.0 = Debug|Any CPU
		{F75D0148-BBF2-4476-A3C1-6A7646FEE833}.Release|Any CPU.ActiveCfg = Release|Any CPU
		{F75D0148-BBF2-4476-A3C1-6A7646FEE833}.Release|Any CPU.Build.0 = Release|Any CPU
	EndGlobalSection
	GlobalSection(SolutionProperties) = preSolution
		HideSolutionNode = FALSE
	EndGlobalSection
	GlobalSection(NestedProjects) = preSolution
		{82EE453C-FF7E-49FC-AEC7-5F68EB0ABA6C} = {92C1EA10-87D5-43ED-90E7-DC43503F7A9F}
		{02479F44-82E6-459B-8118-703B62E10FC2} = {9D0B9EFD-CF47-4C32-A3F2-FF25004CBA3C}
		{4F51656D-F370-4618-8B79-4AF518722341} = {9D0B9EFD-CF47-4C32-A3F2-FF25004CBA3C}
	EndGlobalSection
	GlobalSection(ExtensibilityGlobals) = postSolution
		SolutionGuid = {97C142FA-8B97-46E1-8796-505BAD7D9891}
	EndGlobalSection
EndGlobal
